
Microsoft Visual Studio Solution File, Format Version 12.00
# Visual Studio 14
VisualStudioVersion = 14.0.25420.1
MinimumVisualStudioVersion = 10.0.40219.1
Project("{54435603-DBB4-11D2-8724-00A0C9A8B90C}") = "SHIFTSetup", "SHIFTSetup\SHIFTSetup.vdproj", "{689B2BD5-5A26-4B7E-BAF6-AB0C54E109F8}"
EndProject
Global
	GlobalSection(SolutionConfigurationPlatforms) = preSolution
		Debug|Default = Debug|Default
		Release|Default = Release|Default
	EndGlobalSection
	GlobalSection(ProjectConfigurationPlatforms) = postSolution
		{689B2BD5-5A26-4B7E-BAF6-AB0C54E109F8}.Debug|Default.ActiveCfg = Debug
		{689B2BD5-5A26-4B7E-BAF6-AB0C54E109F8}.Debug|Default.Build.0 = Debug
		{689B2BD5-5A26-4B7E-BAF6-AB0C54E109F8}.Release|Default.ActiveCfg = Release
		{689B2BD5-5A26-4B7E-BAF6-AB0C54E109F8}.Release|Default.Build.0 = Release
	EndGlobalSection
	GlobalSection(SolutionProperties) = preSolution
		HideSolutionNode = FALSE
	EndGlobalSection
EndGlobal
