
Microsoft Visual Studio Solution File, Format Version 12.00
# Visual Studio 14
VisualStudioVersion = 14.0.25420.1
MinimumVisualStudioVersion = 10.0.40219.1
Project("{FAE04EC0-301F-11D3-BF4B-00C04F79EFBC}") = "ShootingGame", "ShootingGame\ShootingGame.csproj", "{892B46FC-F973-44E2-825E-23FAA5DD6337}"
EndProject
Project("{FAE04EC0-301F-11D3-BF4B-00C04F79EFBC}") = "HighNLowTest", "UnitTestProject1\HighNLowTest.csproj", "{C1DF1B69-7A6C-484A-B8BF-0EDEDD84D00C}"
EndProject
Global
	GlobalSection(SolutionConfigurationPlatforms) = preSolution
		Debug|Any CPU = Debug|Any CPU
		Debug|x64 = Debug|x64
		Debug|x86 = Debug|x86
		Release|Any CPU = Release|Any CPU
		Release|x64 = Release|x64
		Release|x86 = Release|x86
	EndGlobalSection
	GlobalSection(ProjectConfigurationPlatforms) = postSolution
		{892B46FC-F973-44E2-825E-23FAA5DD6337}.Debug|Any CPU.ActiveCfg = Debug|x86
		{892B46FC-F973-44E2-825E-23FAA5DD6337}.Debug|x64.ActiveCfg = Debug|x64
		{892B46FC-F973-44E2-825E-23FAA5DD6337}.Debug|x64.Build.0 = Debug|x64
		{892B46FC-F973-44E2-825E-23FAA5DD6337}.Debug|x86.ActiveCfg = Debug|x86
		{892B46FC-F973-44E2-825E-23FAA5DD6337}.Debug|x86.Build.0 = Debug|x86
		{892B46FC-F973-44E2-825E-23FAA5DD6337}.Release|Any CPU.ActiveCfg = Release|x86
		{892B46FC-F973-44E2-825E-23FAA5DD6337}.Release|x64.ActiveCfg = Release|x64
		{892B46FC-F973-44E2-825E-23FAA5DD6337}.Release|x64.Build.0 = Release|x64
		{892B46FC-F973-44E2-825E-23FAA5DD6337}.Release|x86.ActiveCfg = Release|x86
		{892B46FC-F973-44E2-825E-23FAA5DD6337}.Release|x86.Build.0 = Release|x86
		{C1DF1B69-7A6C-484A-B8BF-0EDEDD84D00C}.Debug|Any CPU.ActiveCfg = Debug|Any CPU
		{C1DF1B69-7A6C-484A-B8BF-0EDEDD84D00C}.Debug|Any CPU.Build.0 = Debug|Any CPU
		{C1DF1B69-7A6C-484A-B8BF-0EDEDD84D00C}.Debug|x64.ActiveCfg = Debug|Any CPU
		{C1DF1B69-7A6C-484A-B8BF-0EDEDD84D00C}.Debug|x64.Build.0 = Debug|Any CPU
		{C1DF1B69-7A6C-484A-B8BF-0EDEDD84D00C}.Debug|x86.ActiveCfg = Debug|Any CPU
		{C1DF1B69-7A6C-484A-B8BF-0EDEDD84D00C}.Debug|x86.Build.0 = Debug|Any CPU
		{C1DF1B69-7A6C-484A-B8BF-0EDEDD84D00C}.Release|Any CPU.ActiveCfg = Release|Any CPU
		{C1DF1B69-7A6C-484A-B8BF-0EDEDD84D00C}.Release|Any CPU.Build.0 = Release|Any CPU
		{C1DF1B69-7A6C-484A-B8BF-0EDEDD84D00C}.Release|x64.ActiveCfg = Release|Any CPU
		{C1DF1B69-7A6C-484A-B8BF-0EDEDD84D00C}.Release|x64.Build.0 = Release|Any CPU
		{C1DF1B69-7A6C-484A-B8BF-0EDEDD84D00C}.Release|x86.ActiveCfg = Release|Any CPU
		{C1DF1B69-7A6C-484A-B8BF-0EDEDD84D00C}.Release|x86.Build.0 = Release|Any CPU
	EndGlobalSection
	GlobalSection(SolutionProperties) = preSolution
		HideSolutionNode = FALSE
	EndGlobalSection
EndGlobal
